
Microsoft Visual Studio Solution File, Format Version 12.00
# Visual Studio 14
VisualStudioVersion = 14.0.23107.0
MinimumVisualStudioVersion = 10.0.40219.1
Project("{FAE04EC0-301F-11D3-BF4B-00C04F79EFBC}") = "Homunculus.Core", "Homunculus.Core\Homunculus.Core.csproj", "{2270B847-7EC7-46F3-86AA-607882E8B2D4}"
EndProject
Project("{FAE04EC0-301F-11D3-BF4B-00C04F79EFBC}") = "Homunculus.Core.Tests", "Homunculus.Core.Tests\Homunculus.Core.Tests.csproj", "{A48DFC3A-845E-4DFC-807D-DBFCB179D7C3}"
EndProject
Project("{2150E333-8FDC-42A3-9474-1A3956D46DE8}") = "Solution Items", "Solution Items", "{05C787E1-CB0C-4F3E-A51A-5667CB265294}"
	ProjectSection(SolutionItems) = preProject
		LICENSE.md = LICENSE.md
		README.md = README.md
	EndProjectSection
EndProject
Project("{FAE04EC0-301F-11D3-BF4B-00C04F79EFBC}") = "Homunculus.Core.Console", "Homunculus.Core.Console\Homunculus.Core.Console.csproj", "{D5C6D731-BE60-4D10-806B-34DFD0A6588A}"
EndProject
Global
	GlobalSection(SolutionConfigurationPlatforms) = preSolution
		Debug|Any CPU = Debug|Any CPU
		Release|Any CPU = Release|Any CPU
	EndGlobalSection
	GlobalSection(ProjectConfigurationPlatforms) = postSolution
		{2270B847-7EC7-46F3-86AA-607882E8B2D4}.Debug|Any CPU.ActiveCfg = Debug|Any CPU
		{2270B847-7EC7-46F3-86AA-607882E8B2D4}.Debug|Any CPU.Build.0 = Debug|Any CPU
		{2270B847-7EC7-46F3-86AA-607882E8B2D4}.Release|Any CPU.ActiveCfg = Release|Any CPU
		{2270B847-7EC7-46F3-86AA-607882E8B2D4}.Release|Any CPU.Build.0 = Release|Any CPU
		{A48DFC3A-845E-4DFC-807D-DBFCB179D7C3}.Debug|Any CPU.ActiveCfg = Debug|Any CPU
		{A48DFC3A-845E-4DFC-807D-DBFCB179D7C3}.Debug|Any CPU.Build.0 = Debug|Any CPU
		{A48DFC3A-845E-4DFC-807D-DBFCB179D7C3}.Release|Any CPU.ActiveCfg = Release|Any CPU
		{A48DFC3A-845E-4DFC-807D-DBFCB179D7C3}.Release|Any CPU.Build.0 = Release|Any CPU
		{D5C6D731-BE60-4D10-806B-34DFD0A6588A}.Debug|Any CPU.ActiveCfg = Debug|Any CPU
		{D5C6D731-BE60-4D10-806B-34DFD0A6588A}.Debug|Any CPU.Build.0 = Debug|Any CPU
		{D5C6D731-BE60-4D10-806B-34DFD0A6588A}.Release|Any CPU.ActiveCfg = Release|Any CPU
		{D5C6D731-BE60-4D10-806B-34DFD0A6588A}.Release|Any CPU.Build.0 = Release|Any CPU
	EndGlobalSection
	GlobalSection(SolutionProperties) = preSolution
		HideSolutionNode = FALSE
	EndGlobalSection
EndGlobal
